Microsoft Visual Studio Solution File, Format Version 12.00
# Visual Studio Version 17
VisualStudioVersion = 17.5.2.0
MinimumVisualStudioVersion = 10.0.40219.1
Project("{FAE04EC0-301F-11D3-BF4B-00C04F79EFBC}") = "FilmStudioSFF", "FilmStudioSFF.csproj", "{2AF634F7-755B-E5D9-08A6-9BFEA0578ECD}"
EndProject
Global
	GlobalSection(SolutionConfigurationPlatforms) = preSolution
		Debug|Any CPU = Debug|Any CPU
		Release|Any CPU = Release|Any CPU
	EndGlobalSection
	GlobalSection(ProjectConfigurationPlatforms) = postSolution
		{2AF634F7-755B-E5D9-08A6-9BFEA0578ECD}.Debug|Any CPU.ActiveCfg = Debug|Any CPU
		{2AF634F7-755B-E5D9-08A6-9BFEA0578ECD}.Debug|Any CPU.Build.0 = Debug|Any CPU
		{2AF634F7-755B-E5D9-08A6-9BFEA0578ECD}.Release|Any CPU.ActiveCfg = Release|Any CPU
		{2AF634F7-755B-E5D9-08A6-9BFEA0578ECD}.Release|Any CPU.Build.0 = Release|Any CPU
	EndGlobalSection
	GlobalSection(SolutionProperties) = preSolution
		HideSolutionNode = FALSE
	EndGlobalSection
	GlobalSection(ExtensibilityGlobals) = postSolution
		SolutionGuid = {5302AF51-5DC2-40F0-B774-E19370314976}
	EndGlobalSection
EndGlobal
